
Microsoft Visual Studio Solution File, Format Version 12.00
# Visual Studio Version 16
VisualStudioVersion = 16.0.809.10
MinimumVisualStudioVersion = 10.0.40219.1
Project("{FAE04EC0-301F-11D3-BF4B-00C04F79EFBC}") = "NasdaqData", "NasdaqData\NasdaqData.csproj", "{61E7835A-98A2-4631-8ABD-C85665DB5F36}"
EndProject
Global
	GlobalSection(SolutionConfigurationPlatforms) = preSolution
		Debug|Any CPU = Debug|Any CPU
		Release|Any CPU = Release|Any CPU
	EndGlobalSection
	GlobalSection(ProjectConfigurationPlatforms) = postSolution
		{61E7835A-98A2-4631-8ABD-C85665DB5F36}.Debug|Any CPU.ActiveCfg = Debug|Any CPU
		{61E7835A-98A2-4631-8ABD-C85665DB5F36}.Debug|Any CPU.Build.0 = Debug|Any CPU
		{61E7835A-98A2-4631-8ABD-C85665DB5F36}.Release|Any CPU.ActiveCfg = Release|Any CPU
		{61E7835A-98A2-4631-8ABD-C85665DB5F36}.Release|Any CPU.Build.0 = Release|Any CPU
	EndGlobalSection
	GlobalSection(SolutionProperties) = preSolution
		HideSolutionNode = FALSE
	EndGlobalSection
	GlobalSection(ExtensibilityGlobals) = postSolution
		SolutionGuid = {2AD0EBE0-7AAA-4653-8BBD-63C7498291F0}
	EndGlobalSection
EndGlobal
