
Microsoft Visual Studio Solution File, Format Version 12.00
# Visual Studio Version 16
VisualStudioVersion = 16.0.809.10
MinimumVisualStudioVersion = 10.0.40219.1
Project("{FAE04EC0-301F-11D3-BF4B-00C04F79EFBC}") = "223RoomEscape", "223RoomEscape\223RoomEscape.csproj", "{C1E0B90B-0FEE-4FFD-BE71-AFB5B6BB5217}"
EndProject
Global
	GlobalSection(SolutionConfigurationPlatforms) = preSolution
		Debug|Any CPU = Debug|Any CPU
		Release|Any CPU = Release|Any CPU
	EndGlobalSection
	GlobalSection(ProjectConfigurationPlatforms) = postSolution
		{C1E0B90B-0FEE-4FFD-BE71-AFB5B6BB5217}.Debug|Any CPU.ActiveCfg = Debug|Any CPU
		{C1E0B90B-0FEE-4FFD-BE71-AFB5B6BB5217}.Debug|Any CPU.Build.0 = Debug|Any CPU
		{C1E0B90B-0FEE-4FFD-BE71-AFB5B6BB5217}.Release|Any CPU.ActiveCfg = Release|Any CPU
		{C1E0B90B-0FEE-4FFD-BE71-AFB5B6BB5217}.Release|Any CPU.Build.0 = Release|Any CPU
	EndGlobalSection
	GlobalSection(SolutionProperties) = preSolution
		HideSolutionNode = FALSE
	EndGlobalSection
	GlobalSection(ExtensibilityGlobals) = postSolution
		SolutionGuid = {44AC8257-078F-4F5F-855C-8BDB44193976}
	EndGlobalSection
EndGlobal
