
Microsoft Visual Studio Solution File, Format Version 12.00
# Visual Studio Version 16
VisualStudioVersion = 16.0.809.10
MinimumVisualStudioVersion = 10.0.40219.1
Project("{FAE04EC0-301F-11D3-BF4B-00C04F79EFBC}") = "VendingMachine", "VendingMachine\VendingMachine.csproj", "{03CFE032-9794-4FC3-9C9A-687975021D2E}"
EndProject
Project("{FAE04EC0-301F-11D3-BF4B-00C04F79EFBC}") = "VendingMachineTests", "VendingMachineTests\VendingMachineTests.csproj", "{3CCAFFA9-191C-4E4C-A6C6-955C5B099C9A}"
EndProject
Global
	GlobalSection(SolutionConfigurationPlatforms) = preSolution
		Debug|Any CPU = Debug|Any CPU
		Release|Any CPU = Release|Any CPU
	EndGlobalSection
	GlobalSection(ProjectConfigurationPlatforms) = postSolution
		{03CFE032-9794-4FC3-9C9A-687975021D2E}.Debug|Any CPU.ActiveCfg = Debug|Any CPU
		{03CFE032-9794-4FC3-9C9A-687975021D2E}.Debug|Any CPU.Build.0 = Debug|Any CPU
		{03CFE032-9794-4FC3-9C9A-687975021D2E}.Release|Any CPU.ActiveCfg = Release|Any CPU
		{03CFE032-9794-4FC3-9C9A-687975021D2E}.Release|Any CPU.Build.0 = Release|Any CPU
		{3CCAFFA9-191C-4E4C-A6C6-955C5B099C9A}.Debug|Any CPU.ActiveCfg = Debug|Any CPU
		{3CCAFFA9-191C-4E4C-A6C6-955C5B099C9A}.Debug|Any CPU.Build.0 = Debug|Any CPU
		{3CCAFFA9-191C-4E4C-A6C6-955C5B099C9A}.Release|Any CPU.ActiveCfg = Release|Any CPU
		{3CCAFFA9-191C-4E4C-A6C6-955C5B099C9A}.Release|Any CPU.Build.0 = Release|Any CPU
	EndGlobalSection
	GlobalSection(SolutionProperties) = preSolution
		HideSolutionNode = FALSE
	EndGlobalSection
	GlobalSection(ExtensibilityGlobals) = postSolution
		SolutionGuid = {13374EDB-8747-4C48-B11D-619B83B0FB78}
	EndGlobalSection
EndGlobal
