
Microsoft Visual Studio Solution File, Format Version 12.00
# Visual Studio Version 16
VisualStudioVersion = 16.0.809.10
MinimumVisualStudioVersion = 10.0.40219.1
Project("{FAE04EC0-301F-11D3-BF4B-00C04F79EFBC}") = "FakeAutotrader", "FakeAutotrader\FakeAutotrader.csproj", "{7CEE19D3-EE96-49F6-BC20-BE0016843339}"
EndProject
Global
	GlobalSection(SolutionConfigurationPlatforms) = preSolution
		Debug|Any CPU = Debug|Any CPU
		Release|Any CPU = Release|Any CPU
	EndGlobalSection
	GlobalSection(ProjectConfigurationPlatforms) = postSolution
		{7CEE19D3-EE96-49F6-BC20-BE0016843339}.Debug|Any CPU.ActiveCfg = Debug|Any CPU
		{7CEE19D3-EE96-49F6-BC20-BE0016843339}.Debug|Any CPU.Build.0 = Debug|Any CPU
		{7CEE19D3-EE96-49F6-BC20-BE0016843339}.Release|Any CPU.ActiveCfg = Release|Any CPU
		{7CEE19D3-EE96-49F6-BC20-BE0016843339}.Release|Any CPU.Build.0 = Release|Any CPU
	EndGlobalSection
	GlobalSection(SolutionProperties) = preSolution
		HideSolutionNode = FALSE
	EndGlobalSection
	GlobalSection(ExtensibilityGlobals) = postSolution
		SolutionGuid = {60A44C9C-C75D-425B-B3B6-460712FE6526}
	EndGlobalSection
EndGlobal
