
Microsoft Visual Studio Solution File, Format Version 12.00
# Visual Studio Version 16
VisualStudioVersion = 16.0.809.10
MinimumVisualStudioVersion = 10.0.40219.1
Project("{FAE04EC0-301F-11D3-BF4B-00C04F79EFBC}") = "Problem3", "Problem3\Problem3.csproj", "{F913428F-2D6B-4A01-83B5-3F435C0510ED}"
EndProject
Project("{FAE04EC0-301F-11D3-BF4B-00C04F79EFBC}") = "Utils", "Utils\Utils.csproj", "{183E83DA-597B-4D51-A8DB-421895D849E7}"
EndProject
Project("{FAE04EC0-301F-11D3-BF4B-00C04F79EFBC}") = "Problem4", "Problem4\Problem4.csproj", "{8B64119D-A393-4488-8C27-11A8C8488A88}"
EndProject
Project("{FAE04EC0-301F-11D3-BF4B-00C04F79EFBC}") = "Problem5", "Problem5\Problem5.csproj", "{1E94DE32-5348-4066-B818-A11AD6153245}"
EndProject
Project("{FAE04EC0-301F-11D3-BF4B-00C04F79EFBC}") = "Problem6", "Problem6\Problem6.csproj", "{637B625D-599E-4F9F-8447-AAEC6F095417}"
EndProject
Project("{FAE04EC0-301F-11D3-BF4B-00C04F79EFBC}") = "Problem9", "Problem9\Problem9.csproj", "{41B3A4F1-F3A6-4BDD-AD12-C09844278879}"
EndProject
Project("{FAE04EC0-301F-11D3-BF4B-00C04F79EFBC}") = "Problem10", "Problem10\Problem10.csproj", "{FD26AE4A-614D-4DAC-BC86-82B46DBAA373}"
EndProject
Project("{FAE04EC0-301F-11D3-BF4B-00C04F79EFBC}") = "Problem12", "Problem12\Problem12.csproj", "{24B003BB-E542-4CC2-A6C3-61E9F617DE9A}"
EndProject
Project("{FAE04EC0-301F-11D3-BF4B-00C04F79EFBC}") = "Problem8", "Problem8\Problem8.csproj", "{183B4D70-3C40-4D5F-9B8C-88154024B3DD}"
EndProject
Project("{FAE04EC0-301F-11D3-BF4B-00C04F79EFBC}") = "Problem7", "Problem7\Problem7.csproj", "{05A6537A-7F1E-4B7E-82C0-19A22858FDD4}"
EndProject
Project("{FAE04EC0-301F-11D3-BF4B-00C04F79EFBC}") = "Problem18", "Problem18\Problem18.csproj", "{F114360C-FC17-4905-8405-1D7353A65502}"
EndProject
Project("{FAE04EC0-301F-11D3-BF4B-00C04F79EFBC}") = "Problem11", "Problem11\Problem11.csproj", "{BD9B61B8-C5A3-4562-9369-0E7B4EE04E15}"
EndProject
Project("{FAE04EC0-301F-11D3-BF4B-00C04F79EFBC}") = "Problem19", "Problem19\Problem19.csproj", "{F600C4B6-1308-4A41-94AC-D79CAAE4A74D}"
EndProject
Project("{FAE04EC0-301F-11D3-BF4B-00C04F79EFBC}") = "Problem27", "Problem27\Problem27.csproj", "{965752E4-875D-42DD-9ABD-CD74966EB2BD}"
EndProject
Project("{FAE04EC0-301F-11D3-BF4B-00C04F79EFBC}") = "Problem16", "Problem16\Problem16.csproj", "{361BC0EE-0FDB-4FB9-AA49-62B28B07652C}"
EndProject
Project("{FAE04EC0-301F-11D3-BF4B-00C04F79EFBC}") = "Problem20", "Problem20\Problem20.csproj", "{4FCEA279-4F45-4912-AA2C-8587AE2690F5}"
EndProject
Project("{FAE04EC0-301F-11D3-BF4B-00C04F79EFBC}") = "Problem15", "Problem15\Problem15.csproj", "{10DC0917-7CED-4B5C-A985-5DDE97FFE498}"
EndProject
Project("{FAE04EC0-301F-11D3-BF4B-00C04F79EFBC}") = "Problem24", "Problem24\Problem24.csproj", "{2C1C511B-FC2A-4067-83A0-51E177BDC70A}"
EndProject
Project("{FAE04EC0-301F-11D3-BF4B-00C04F79EFBC}") = "Problem43", "Problem43\Problem43.csproj", "{C368F30A-8FFE-41AD-9185-D539E570ADC0}"
EndProject
Global
	GlobalSection(SolutionConfigurationPlatforms) = preSolution
		Debug|Any CPU = Debug|Any CPU
		Release|Any CPU = Release|Any CPU
	EndGlobalSection
	GlobalSection(ProjectConfigurationPlatforms) = postSolution
		{F913428F-2D6B-4A01-83B5-3F435C0510ED}.Debug|Any CPU.ActiveCfg = Debug|Any CPU
		{F913428F-2D6B-4A01-83B5-3F435C0510ED}.Debug|Any CPU.Build.0 = Debug|Any CPU
		{F913428F-2D6B-4A01-83B5-3F435C0510ED}.Release|Any CPU.ActiveCfg = Release|Any CPU
		{F913428F-2D6B-4A01-83B5-3F435C0510ED}.Release|Any CPU.Build.0 = Release|Any CPU
		{183E83DA-597B-4D51-A8DB-421895D849E7}.Debug|Any CPU.ActiveCfg = Debug|Any CPU
		{183E83DA-597B-4D51-A8DB-421895D849E7}.Debug|Any CPU.Build.0 = Debug|Any CPU
		{183E83DA-597B-4D51-A8DB-421895D849E7}.Release|Any CPU.ActiveCfg = Release|Any CPU
		{183E83DA-597B-4D51-A8DB-421895D849E7}.Release|Any CPU.Build.0 = Release|Any CPU
		{8B64119D-A393-4488-8C27-11A8C8488A88}.Debug|Any CPU.ActiveCfg = Debug|Any CPU
		{8B64119D-A393-4488-8C27-11A8C8488A88}.Debug|Any CPU.Build.0 = Debug|Any CPU
		{8B64119D-A393-4488-8C27-11A8C8488A88}.Release|Any CPU.ActiveCfg = Release|Any CPU
		{8B64119D-A393-4488-8C27-11A8C8488A88}.Release|Any CPU.Build.0 = Release|Any CPU
		{1E94DE32-5348-4066-B818-A11AD6153245}.Debug|Any CPU.ActiveCfg = Debug|Any CPU
		{1E94DE32-5348-4066-B818-A11AD6153245}.Debug|Any CPU.Build.0 = Debug|Any CPU
		{1E94DE32-5348-4066-B818-A11AD6153245}.Release|Any CPU.ActiveCfg = Release|Any CPU
		{1E94DE32-5348-4066-B818-A11AD6153245}.Release|Any CPU.Build.0 = Release|Any CPU
		{637B625D-599E-4F9F-8447-AAEC6F095417}.Debug|Any CPU.ActiveCfg = Debug|Any CPU
		{637B625D-599E-4F9F-8447-AAEC6F095417}.Debug|Any CPU.Build.0 = Debug|Any CPU
		{637B625D-599E-4F9F-8447-AAEC6F095417}.Release|Any CPU.ActiveCfg = Release|Any CPU
		{637B625D-599E-4F9F-8447-AAEC6F095417}.Release|Any CPU.Build.0 = Release|Any CPU
		{41B3A4F1-F3A6-4BDD-AD12-C09844278879}.Debug|Any CPU.ActiveCfg = Debug|Any CPU
		{41B3A4F1-F3A6-4BDD-AD12-C09844278879}.Debug|Any CPU.Build.0 = Debug|Any CPU
		{41B3A4F1-F3A6-4BDD-AD12-C09844278879}.Release|Any CPU.ActiveCfg = Release|Any CPU
		{41B3A4F1-F3A6-4BDD-AD12-C09844278879}.Release|Any CPU.Build.0 = Release|Any CPU
		{FD26AE4A-614D-4DAC-BC86-82B46DBAA373}.Debug|Any CPU.ActiveCfg = Debug|Any CPU
		{FD26AE4A-614D-4DAC-BC86-82B46DBAA373}.Debug|Any CPU.Build.0 = Debug|Any CPU
		{FD26AE4A-614D-4DAC-BC86-82B46DBAA373}.Release|Any CPU.ActiveCfg = Release|Any CPU
		{FD26AE4A-614D-4DAC-BC86-82B46DBAA373}.Release|Any CPU.Build.0 = Release|Any CPU
		{24B003BB-E542-4CC2-A6C3-61E9F617DE9A}.Debug|Any CPU.ActiveCfg = Debug|Any CPU
		{24B003BB-E542-4CC2-A6C3-61E9F617DE9A}.Debug|Any CPU.Build.0 = Debug|Any CPU
		{24B003BB-E542-4CC2-A6C3-61E9F617DE9A}.Release|Any CPU.ActiveCfg = Release|Any CPU
		{24B003BB-E542-4CC2-A6C3-61E9F617DE9A}.Release|Any CPU.Build.0 = Release|Any CPU
		{183B4D70-3C40-4D5F-9B8C-88154024B3DD}.Debug|Any CPU.ActiveCfg = Debug|Any CPU
		{183B4D70-3C40-4D5F-9B8C-88154024B3DD}.Debug|Any CPU.Build.0 = Debug|Any CPU
		{183B4D70-3C40-4D5F-9B8C-88154024B3DD}.Release|Any CPU.ActiveCfg = Release|Any CPU
		{183B4D70-3C40-4D5F-9B8C-88154024B3DD}.Release|Any CPU.Build.0 = Release|Any CPU
		{05A6537A-7F1E-4B7E-82C0-19A22858FDD4}.Debug|Any CPU.ActiveCfg = Debug|Any CPU
		{05A6537A-7F1E-4B7E-82C0-19A22858FDD4}.Debug|Any CPU.Build.0 = Debug|Any CPU
		{05A6537A-7F1E-4B7E-82C0-19A22858FDD4}.Release|Any CPU.ActiveCfg = Release|Any CPU
		{05A6537A-7F1E-4B7E-82C0-19A22858FDD4}.Release|Any CPU.Build.0 = Release|Any CPU
		{F114360C-FC17-4905-8405-1D7353A65502}.Debug|Any CPU.ActiveCfg = Debug|Any CPU
		{F114360C-FC17-4905-8405-1D7353A65502}.Debug|Any CPU.Build.0 = Debug|Any CPU
		{F114360C-FC17-4905-8405-1D7353A65502}.Release|Any CPU.ActiveCfg = Release|Any CPU
		{F114360C-FC17-4905-8405-1D7353A65502}.Release|Any CPU.Build.0 = Release|Any CPU
		{BD9B61B8-C5A3-4562-9369-0E7B4EE04E15}.Debug|Any CPU.ActiveCfg = Debug|Any CPU
		{BD9B61B8-C5A3-4562-9369-0E7B4EE04E15}.Debug|Any CPU.Build.0 = Debug|Any CPU
		{BD9B61B8-C5A3-4562-9369-0E7B4EE04E15}.Release|Any CPU.ActiveCfg = Release|Any CPU
		{BD9B61B8-C5A3-4562-9369-0E7B4EE04E15}.Release|Any CPU.Build.0 = Release|Any CPU
		{F600C4B6-1308-4A41-94AC-D79CAAE4A74D}.Debug|Any CPU.ActiveCfg = Debug|Any CPU
		{F600C4B6-1308-4A41-94AC-D79CAAE4A74D}.Debug|Any CPU.Build.0 = Debug|Any CPU
		{F600C4B6-1308-4A41-94AC-D79CAAE4A74D}.Release|Any CPU.ActiveCfg = Release|Any CPU
		{F600C4B6-1308-4A41-94AC-D79CAAE4A74D}.Release|Any CPU.Build.0 = Release|Any CPU
		{965752E4-875D-42DD-9ABD-CD74966EB2BD}.Debug|Any CPU.ActiveCfg = Debug|Any CPU
		{965752E4-875D-42DD-9ABD-CD74966EB2BD}.Debug|Any CPU.Build.0 = Debug|Any CPU
		{965752E4-875D-42DD-9ABD-CD74966EB2BD}.Release|Any CPU.ActiveCfg = Release|Any CPU
		{965752E4-875D-42DD-9ABD-CD74966EB2BD}.Release|Any CPU.Build.0 = Release|Any CPU
		{361BC0EE-0FDB-4FB9-AA49-62B28B07652C}.Debug|Any CPU.ActiveCfg = Debug|Any CPU
		{361BC0EE-0FDB-4FB9-AA49-62B28B07652C}.Debug|Any CPU.Build.0 = Debug|Any CPU
		{361BC0EE-0FDB-4FB9-AA49-62B28B07652C}.Release|Any CPU.ActiveCfg = Release|Any CPU
		{361BC0EE-0FDB-4FB9-AA49-62B28B07652C}.Release|Any CPU.Build.0 = Release|Any CPU
		{4FCEA279-4F45-4912-AA2C-8587AE2690F5}.Debug|Any CPU.ActiveCfg = Debug|Any CPU
		{4FCEA279-4F45-4912-AA2C-8587AE2690F5}.Debug|Any CPU.Build.0 = Debug|Any CPU
		{4FCEA279-4F45-4912-AA2C-8587AE2690F5}.Release|Any CPU.ActiveCfg = Release|Any CPU
		{4FCEA279-4F45-4912-AA2C-8587AE2690F5}.Release|Any CPU.Build.0 = Release|Any CPU
		{10DC0917-7CED-4B5C-A985-5DDE97FFE498}.Debug|Any CPU.ActiveCfg = Debug|Any CPU
		{10DC0917-7CED-4B5C-A985-5DDE97FFE498}.Debug|Any CPU.Build.0 = Debug|Any CPU
		{10DC0917-7CED-4B5C-A985-5DDE97FFE498}.Release|Any CPU.ActiveCfg = Release|Any CPU
		{10DC0917-7CED-4B5C-A985-5DDE97FFE498}.Release|Any CPU.Build.0 = Release|Any CPU
		{2C1C511B-FC2A-4067-83A0-51E177BDC70A}.Debug|Any CPU.ActiveCfg = Debug|Any CPU
		{2C1C511B-FC2A-4067-83A0-51E177BDC70A}.Debug|Any CPU.Build.0 = Debug|Any CPU
		{2C1C511B-FC2A-4067-83A0-51E177BDC70A}.Release|Any CPU.ActiveCfg = Release|Any CPU
		{2C1C511B-FC2A-4067-83A0-51E177BDC70A}.Release|Any CPU.Build.0 = Release|Any CPU
		{C368F30A-8FFE-41AD-9185-D539E570ADC0}.Debug|Any CPU.ActiveCfg = Debug|Any CPU
		{C368F30A-8FFE-41AD-9185-D539E570ADC0}.Debug|Any CPU.Build.0 = Debug|Any CPU
		{C368F30A-8FFE-41AD-9185-D539E570ADC0}.Release|Any CPU.ActiveCfg = Release|Any CPU
		{C368F30A-8FFE-41AD-9185-D539E570ADC0}.Release|Any CPU.Build.0 = Release|Any CPU
	EndGlobalSection
	GlobalSection(SolutionProperties) = preSolution
		HideSolutionNode = FALSE
	EndGlobalSection
	GlobalSection(ExtensibilityGlobals) = postSolution
		SolutionGuid = {B60DB3FE-3594-4982-9315-DDD07FB29194}
	EndGlobalSection
EndGlobal
